
Microsoft Visual Studio Solution File, Format Version 12.00
# Visual Studio Version 16
VisualStudioVersion = 16.0.30524.135
MinimumVisualStudioVersion = 10.0.40219.1
Project("{2150E333-8FDC-42A3-9474-1A3956D46DE8}") = "src", "src", "{84773368-C48E-4418-89EF-BB13EC7B2991}"
EndProject
Project("{2150E333-8FDC-42A3-9474-1A3956D46DE8}") = "tests", "tests", "{1E392620-FC0F-492E-97C0-462001B31EFB}"
EndProject
Project("{9A19103F-16F7-4668-BE54-9A1E7A4F7556}") = "Zigbee.Transport.Abstractions", "src\Zigbee.Transport.Abstractions\Zigbee.Transport.Abstractions.csproj", "{7D0C40BC-A8F3-47BA-8DB7-26455A0386D4}"
EndProject
Project("{9A19103F-16F7-4668-BE54-9A1E7A4F7556}") = "Zigbee.Abstractions", "src\Zigbee.Abstractions\Zigbee.Abstractions.csproj", "{9367170B-DD1F-47A3-8339-32C8F70F5836}"
EndProject
Project("{9A19103F-16F7-4668-BE54-9A1E7A4F7556}") = "Zigbee.Protocol.Abstractions", "src\Zigbee.Protocol.Abstractions\Zigbee.Protocol.Abstractions.csproj", "{666BC562-A585-4DBC-B896-AF6CD6F2023F}"
EndProject
Project("{9A19103F-16F7-4668-BE54-9A1E7A4F7556}") = "Zigbee.Transport.Serial", "src\Zigbee.Transport.Serial\Zigbee.Transport.Serial.csproj", "{B5B13046-8EE2-4386-8F7A-A29DB786CC89}"
EndProject
Project("{9A19103F-16F7-4668-BE54-9A1E7A4F7556}") = "Extensions.Functional", "src\Functional\Extensions.Functional.csproj", "{57A1C5DD-2362-4451-94E5-71D41965A166}"
EndProject
Project("{2150E333-8FDC-42A3-9474-1A3956D46DE8}") = "Solution Items", "Solution Items", "{35FAD85A-DB10-4A09-B27E-27FA048ED1D3}"
	ProjectSection(SolutionItems) = preProject
		.editorconfig = .editorconfig
		.gitignore = .gitignore
		LICENSE = LICENSE
		README.md = README.md
	EndProjectSection
EndProject
Project("{9A19103F-16F7-4668-BE54-9A1E7A4F7556}") = "Zigbee", "src\Zigbee\Zigbee.csproj", "{F617ABE8-D38E-4312-9ABE-0B089EB454AB}"
EndProject
Project("{9A19103F-16F7-4668-BE54-9A1E7A4F7556}") = "Zigbee.Protocol.Zigate", "src\Zigbee.Protocol.Zigate\Zigbee.Protocol.Zigate.csproj", "{4CB1539C-4A07-4238-9ED9-CF117A1AC320}"
EndProject
Project("{9A19103F-16F7-4668-BE54-9A1E7A4F7556}") = "Zigbee.Cli", "tests\Zigbee.Cli\Zigbee.Cli.csproj", "{7AB1D740-F86E-48BB-BE2D-E9692E02EA38}"
EndProject
Project("{D954291E-2A0B-460D-934E-DC6B0785DB48}") = "Backports", "src\Backports\Backports.shproj", "{F360D825-3BE8-4DB7-8AD6-C20CA4149424}"
EndProject
Project("{9A19103F-16F7-4668-BE54-9A1E7A4F7556}") = "Zigbee.MAC.Abstractions", "src\Zigbee.MAC.Abstractions\Zigbee.MAC.Abstractions.csproj", "{D0F3AA13-276A-4C53-BD0C-9AE982796BEA}"
EndProject
Project("{9A19103F-16F7-4668-BE54-9A1E7A4F7556}") = "Zigbee.NWK.Abstractions", "src\Zigbee.NWK.Abstractions\Zigbee.NWK.Abstractions.csproj", "{FBB282A7-96C4-47D6-A3F5-D744FA13E914}"
EndProject
Project("{9A19103F-16F7-4668-BE54-9A1E7A4F7556}") = "Zigbee.APP.Abstractions", "src\Zigbee.APP.Abstractions\Zigbee.APP.Abstractions.csproj", "{BA589E5E-89F8-4C76-8CCB-B647DC443970}"
EndProject
Project("{9A19103F-16F7-4668-BE54-9A1E7A4F7556}") = "Zigbee.ZDO.Abstractions", "src\Zigbee.ZDO.Abstractions\Zigbee.ZDO.Abstractions.csproj", "{4BE3A693-AA4D-41D7-AF6A-DDD7DE72843D}"
EndProject
Project("{9A19103F-16F7-4668-BE54-9A1E7A4F7556}") = "Zigbee.ZCL.Abstractions", "src\Zigbee.ZCL.Abstractions\Zigbee.ZCL.Abstractions.csproj", "{420E60AE-C597-4200-BD24-7B33EA7AC025}"
EndProject
Project("{9A19103F-16F7-4668-BE54-9A1E7A4F7556}") = "Zigbee.Serialization", "src\Zigbee.Serialization\Zigbee.Serialization.csproj", "{BC15B2C2-4563-4E27-8567-8EDB1577FE04}"
EndProject
Project("{9A19103F-16F7-4668-BE54-9A1E7A4F7556}") = "Zigbee.Extensibility", "src\Zigbee.Extensibility\Zigbee.Extensibility.csproj", "{0BA2CCDA-5FCF-4318-8764-EBC16E81F62F}"
EndProject
Global
	GlobalSection(SharedMSBuildProjectFiles) = preSolution
		src\Backports\Backports.projitems*{4be3a693-aa4d-41d7-af6a-ddd7de72843d}*SharedItemsImports = 5
		src\Backports\Backports.projitems*{4cb1539c-4a07-4238-9ed9-cf117a1ac320}*SharedItemsImports = 5
		src\Backports\Backports.projitems*{7ab1d740-f86e-48bb-be2d-e9692e02ea38}*SharedItemsImports = 5
		src\Backports\Backports.projitems*{9367170b-dd1f-47a3-8339-32c8f70f5836}*SharedItemsImports = 5
		src\Backports\Backports.projitems*{f360d825-3be8-4db7-8ad6-c20ca4149424}*SharedItemsImports = 13
	EndGlobalSection
	GlobalSection(SolutionConfigurationPlatforms) = preSolution
		Debug|Any CPU = Debug|Any CPU
		Release|Any CPU = Release|Any CPU
	EndGlobalSection
	GlobalSection(ProjectConfigurationPlatforms) = postSolution
		{7D0C40BC-A8F3-47BA-8DB7-26455A0386D4}.Debug|Any CPU.ActiveCfg = Debug|Any CPU
		{7D0C40BC-A8F3-47BA-8DB7-26455A0386D4}.Debug|Any CPU.Build.0 = Debug|Any CPU
		{7D0C40BC-A8F3-47BA-8DB7-26455A0386D4}.Release|Any CPU.ActiveCfg = Release|Any CPU
		{7D0C40BC-A8F3-47BA-8DB7-26455A0386D4}.Release|Any CPU.Build.0 = Release|Any CPU
		{9367170B-DD1F-47A3-8339-32C8F70F5836}.Debug|Any CPU.ActiveCfg = Debug|Any CPU
		{9367170B-DD1F-47A3-8339-32C8F70F5836}.Debug|Any CPU.Build.0 = Debug|Any CPU
		{9367170B-DD1F-47A3-8339-32C8F70F5836}.Release|Any CPU.ActiveCfg = Release|Any CPU
		{9367170B-DD1F-47A3-8339-32C8F70F5836}.Release|Any CPU.Build.0 = Release|Any CPU
		{666BC562-A585-4DBC-B896-AF6CD6F2023F}.Debug|Any CPU.ActiveCfg = Debug|Any CPU
		{666BC562-A585-4DBC-B896-AF6CD6F2023F}.Debug|Any CPU.Build.0 = Debug|Any CPU
		{666BC562-A585-4DBC-B896-AF6CD6F2023F}.Release|Any CPU.ActiveCfg = Release|Any CPU
		{666BC562-A585-4DBC-B896-AF6CD6F2023F}.Release|Any CPU.Build.0 = Release|Any CPU
		{B5B13046-8EE2-4386-8F7A-A29DB786CC89}.Debug|Any CPU.ActiveCfg = Debug|Any CPU
		{B5B13046-8EE2-4386-8F7A-A29DB786CC89}.Debug|Any CPU.Build.0 = Debug|Any CPU
		{B5B13046-8EE2-4386-8F7A-A29DB786CC89}.Release|Any CPU.ActiveCfg = Release|Any CPU
		{B5B13046-8EE2-4386-8F7A-A29DB786CC89}.Release|Any CPU.Build.0 = Release|Any CPU
		{57A1C5DD-2362-4451-94E5-71D41965A166}.Debug|Any CPU.ActiveCfg = Debug|Any CPU
		{57A1C5DD-2362-4451-94E5-71D41965A166}.Debug|Any CPU.Build.0 = Debug|Any CPU
		{57A1C5DD-2362-4451-94E5-71D41965A166}.Release|Any CPU.ActiveCfg = Release|Any CPU
		{57A1C5DD-2362-4451-94E5-71D41965A166}.Release|Any CPU.Build.0 = Release|Any CPU
		{F617ABE8-D38E-4312-9ABE-0B089EB454AB}.Debug|Any CPU.ActiveCfg = Debug|Any CPU
		{F617ABE8-D38E-4312-9ABE-0B089EB454AB}.Debug|Any CPU.Build.0 = Debug|Any CPU
		{F617ABE8-D38E-4312-9ABE-0B089EB454AB}.Release|Any CPU.ActiveCfg = Release|Any CPU
		{F617ABE8-D38E-4312-9ABE-0B089EB454AB}.Release|Any CPU.Build.0 = Release|Any CPU
		{4CB1539C-4A07-4238-9ED9-CF117A1AC320}.Debug|Any CPU.ActiveCfg = Debug|Any CPU
		{4CB1539C-4A07-4238-9ED9-CF117A1AC320}.Debug|Any CPU.Build.0 = Debug|Any CPU
		{4CB1539C-4A07-4238-9ED9-CF117A1AC320}.Release|Any CPU.ActiveCfg = Release|Any CPU
		{4CB1539C-4A07-4238-9ED9-CF117A1AC320}.Release|Any CPU.Build.0 = Release|Any CPU
		{7AB1D740-F86E-48BB-BE2D-E9692E02EA38}.Debug|Any CPU.ActiveCfg = Debug|Any CPU
		{7AB1D740-F86E-48BB-BE2D-E9692E02EA38}.Debug|Any CPU.Build.0 = Debug|Any CPU
		{7AB1D740-F86E-48BB-BE2D-E9692E02EA38}.Release|Any CPU.ActiveCfg = Release|Any CPU
		{7AB1D740-F86E-48BB-BE2D-E9692E02EA38}.Release|Any CPU.Build.0 = Release|Any CPU
		{D0F3AA13-276A-4C53-BD0C-9AE982796BEA}.Debug|Any CPU.ActiveCfg = Debug|Any CPU
		{D0F3AA13-276A-4C53-BD0C-9AE982796BEA}.Debug|Any CPU.Build.0 = Debug|Any CPU
		{D0F3AA13-276A-4C53-BD0C-9AE982796BEA}.Release|Any CPU.ActiveCfg = Release|Any CPU
		{D0F3AA13-276A-4C53-BD0C-9AE982796BEA}.Release|Any CPU.Build.0 = Release|Any CPU
		{FBB282A7-96C4-47D6-A3F5-D744FA13E914}.Debug|Any CPU.ActiveCfg = Debug|Any CPU
		{FBB282A7-96C4-47D6-A3F5-D744FA13E914}.Debug|Any CPU.Build.0 = Debug|Any CPU
		{FBB282A7-96C4-47D6-A3F5-D744FA13E914}.Release|Any CPU.ActiveCfg = Release|Any CPU
		{FBB282A7-96C4-47D6-A3F5-D744FA13E914}.Release|Any CPU.Build.0 = Release|Any CPU
		{BA589E5E-89F8-4C76-8CCB-B647DC443970}.Debug|Any CPU.ActiveCfg = Debug|Any CPU
		{BA589E5E-89F8-4C76-8CCB-B647DC443970}.Debug|Any CPU.Build.0 = Debug|Any CPU
		{BA589E5E-89F8-4C76-8CCB-B647DC443970}.Release|Any CPU.ActiveCfg = Release|Any CPU
		{BA589E5E-89F8-4C76-8CCB-B647DC443970}.Release|Any CPU.Build.0 = Release|Any CPU
		{4BE3A693-AA4D-41D7-AF6A-DDD7DE72843D}.Debug|Any CPU.ActiveCfg = Debug|Any CPU
		{4BE3A693-AA4D-41D7-AF6A-DDD7DE72843D}.Debug|Any CPU.Build.0 = Debug|Any CPU
		{4BE3A693-AA4D-41D7-AF6A-DDD7DE72843D}.Release|Any CPU.ActiveCfg = Release|Any CPU
		{4BE3A693-AA4D-41D7-AF6A-DDD7DE72843D}.Release|Any CPU.Build.0 = Release|Any CPU
		{420E60AE-C597-4200-BD24-7B33EA7AC025}.Debug|Any CPU.ActiveCfg = Debug|Any CPU
		{420E60AE-C597-4200-BD24-7B33EA7AC025}.Debug|Any CPU.Build.0 = Debug|Any CPU
		{420E60AE-C597-4200-BD24-7B33EA7AC025}.Release|Any CPU.ActiveCfg = Release|Any CPU
		{420E60AE-C597-4200-BD24-7B33EA7AC025}.Release|Any CPU.Build.0 = Release|Any CPU
		{BC15B2C2-4563-4E27-8567-8EDB1577FE04}.Debug|Any CPU.ActiveCfg = Debug|Any CPU
		{BC15B2C2-4563-4E27-8567-8EDB1577FE04}.Debug|Any CPU.Build.0 = Debug|Any CPU
		{BC15B2C2-4563-4E27-8567-8EDB1577FE04}.Release|Any CPU.ActiveCfg = Release|Any CPU
		{BC15B2C2-4563-4E27-8567-8EDB1577FE04}.Release|Any CPU.Build.0 = Release|Any CPU
		{0BA2CCDA-5FCF-4318-8764-EBC16E81F62F}.Debug|Any CPU.ActiveCfg = Debug|Any CPU
		{0BA2CCDA-5FCF-4318-8764-EBC16E81F62F}.Debug|Any CPU.Build.0 = Debug|Any CPU
		{0BA2CCDA-5FCF-4318-8764-EBC16E81F62F}.Release|Any CPU.ActiveCfg = Release|Any CPU
		{0BA2CCDA-5FCF-4318-8764-EBC16E81F62F}.Release|Any CPU.Build.0 = Release|Any CPU
	EndGlobalSection
	GlobalSection(SolutionProperties) = preSolution
		HideSolutionNode = FALSE
	EndGlobalSection
	GlobalSection(NestedProjects) = preSolution
		{7D0C40BC-A8F3-47BA-8DB7-26455A0386D4} = {84773368-C48E-4418-89EF-BB13EC7B2991}
		{9367170B-DD1F-47A3-8339-32C8F70F5836} = {84773368-C48E-4418-89EF-BB13EC7B2991}
		{666BC562-A585-4DBC-B896-AF6CD6F2023F} = {84773368-C48E-4418-89EF-BB13EC7B2991}
		{B5B13046-8EE2-4386-8F7A-A29DB786CC89} = {84773368-C48E-4418-89EF-BB13EC7B2991}
		{57A1C5DD-2362-4451-94E5-71D41965A166} = {84773368-C48E-4418-89EF-BB13EC7B2991}
		{F617ABE8-D38E-4312-9ABE-0B089EB454AB} = {84773368-C48E-4418-89EF-BB13EC7B2991}
		{4CB1539C-4A07-4238-9ED9-CF117A1AC320} = {84773368-C48E-4418-89EF-BB13EC7B2991}
		{7AB1D740-F86E-48BB-BE2D-E9692E02EA38} = {1E392620-FC0F-492E-97C0-462001B31EFB}
		{F360D825-3BE8-4DB7-8AD6-C20CA4149424} = {84773368-C48E-4418-89EF-BB13EC7B2991}
		{D0F3AA13-276A-4C53-BD0C-9AE982796BEA} = {84773368-C48E-4418-89EF-BB13EC7B2991}
		{FBB282A7-96C4-47D6-A3F5-D744FA13E914} = {84773368-C48E-4418-89EF-BB13EC7B2991}
		{BA589E5E-89F8-4C76-8CCB-B647DC443970} = {84773368-C48E-4418-89EF-BB13EC7B2991}
		{4BE3A693-AA4D-41D7-AF6A-DDD7DE72843D} = {84773368-C48E-4418-89EF-BB13EC7B2991}
		{420E60AE-C597-4200-BD24-7B33EA7AC025} = {84773368-C48E-4418-89EF-BB13EC7B2991}
		{BC15B2C2-4563-4E27-8567-8EDB1577FE04} = {84773368-C48E-4418-89EF-BB13EC7B2991}
		{0BA2CCDA-5FCF-4318-8764-EBC16E81F62F} = {84773368-C48E-4418-89EF-BB13EC7B2991}
	EndGlobalSection
	GlobalSection(ExtensibilityGlobals) = postSolution
		SolutionGuid = {605E2AA7-C00D-4602-9E53-85F6A9219F21}
	EndGlobalSection
EndGlobal
